{
    "requires": true,
    "lockfileVersion": 1,
    "dependencies": {
        "@ckeditor/ckeditor5-build-classic": {
            "version": "11.0.1",
            "resolved": "https://registry.npmjs.org/@ckeditor/ckeditor5-build-classic/-/ckeditor5-build-classic-11.0.1.tgz",
            "integrity": "sha512-iVP2yEFM/ALwKVOynkjGZqPxdK4ecKGI+1oZXYdPPzkd58/4x6gSMKvh54znhNYbNsO7UsLj7+HllP/+5u50uw=="
        },
        "@ckeditor/ckeditor5-build-inline": {
            "version": "11.0.1",
            "resolved": "https://registry.npmjs.org/@ckeditor/ckeditor5-build-inline/-/ckeditor5-build-inline-11.0.1.tgz",
            "integrity": "sha512-AMbk0+wBxjIVHjkwc87q0wMG4S5wBzUYDe0Cce18RK5jtBdjP5deMrDLWh1HSwmQmiSTV71eelIj02Zree2DMQ=="
        },
        "bootstrap-arabic": {
            "version": "3.3.6",
            "resolved": "https://registry.npmjs.org/bootstrap-arabic/-/bootstrap-arabic-3.3.6.tgz",
            "integrity": "sha1-OW5xY7lRzwOE+j+9bO5R/U+Fb6k="
        },
        "ckeditor5": {
            "version": "11.0.1",
            "resolved": "https://registry.npmjs.org/ckeditor5/-/ckeditor5-11.0.1.tgz",
            "integrity": "sha512-vm8Uak+ecC6YI/b8d87EYufMsDZFsVZTPNzd3eIyWN+hZWx5AP/vHlMZ4iNbyrUvDW04eanBoew8YaO9TFg3GA=="
        }
    }
}
