{
    "requires": true,
    "lockfileVersion": 1,
    "dependencies": {
        "bootstrap-arabic": {
            "version": "3.3.6",
            "resolved": "https://registry.npmjs.org/bootstrap-arabic/-/bootstrap-arabic-3.3.6.tgz",
            "integrity": "sha1-OW5xY7lRzwOE+j+9bO5R/U+Fb6k="
        }
    }
}
